uuid: 9e5eb46a-c033-4f2d-a6ce-a73200e90866
langcode: it
status: true
dependencies:
  content:
    - 'file:file:e881c9df-996e-46df-adcc-0bf9330ee28d'
id: foundation_drupal_block
label: 'Drupal Block'
icon_uuid: e881c9df-996e-46df-adcc-0bf9330ee28d
icon_default: 'data:image/png;base64,iVBORw0KGgoAAAANSUhEUgAAAGQAAABkCAYAAABw4pVUAAAABGdBTUEAALGPC/xhBQAAADhlWElmTU0AKgAAAAgAAYdpAAQAAAABAAAAGgAAAAAAAqACAAQAAAABAAAAZKADAAQAAAABAAAAZAAAAAAMc/x7AAAM+klEQVR4Ae2b269XRxXHaaGB2JakBDC0xZwqFgXEFLX6oOWkJbVptDb4VG+JT/iOLza+mmisiTEkhr+gfbGBJvTBWHKsvFgqDw1YoTci10CCgYJRpK3fT3PWyTB7Zu3Zv305vx/5fZOVmT1r1n3PzN77d85tS5Ys+Ug0xZhk4PYx8WPqxnwGpgUZs1thWpAxK8iyhD9XNPZGYnw61H0Gtkrlylgth3pIf4knTK97ywC5DnP/0XTL6i3XoymeFmS0vPUmNS1Ib6kdTfG0IKPlrTepSS/I3crMHtHZeaLP2ETjplNekUzSU9YB+Rv7z9ikoPKUheNxQItZkPvlz7rCbG5K+G6xwCsBtrC5WKgUZFy2rM8rI0dEp0RsP4dEMyIPXiI9HjpnRNjAFjaxjQ9jAburrB16hSxXFo6LzL61hzXm3TBrxb+ekGMMXg7oRLfZsRYf8GVIVFYIxs0ha4cuyCMJH8yXzTXZ2Z2QZcwDOk1/3OLLkKgUJPUta0iHsHWXY9DjIfYb0d9ET3Mh7BPN0XHgPYXV2XPUdseK75KhV8gqhXJZFPtxXmMrugtzQRM60R3bwwd8GRKVFeLt0UM5dkmGfiy6Fhj8l/o/EP0nGOuqi050Y8OAbXzAl0XFOGxZJOBF0V9Fj4puiF4RXRD1hT9J8edEj4nIwUHRGdFYIF66XW1Ztym6DSIO0aVjEWk7J4iBWIiJ2LoAuY7zXxnooiAPyNDhwNg76j8smlTgOzFY8l5TnxjbYpCCcPeExbAgTmvce8JpG1xf8viM7xaHtRSl7UqpFGRZD1F8Rjq/nNB7n8a+IXo5wWsytEaTt4g2irhLV4qs0O+rz0/Q74l40TsquihqA95N8D3GVzRArG/HjDbXfRTEe9sd5TGWu5CkfFfEoc8+3gTHNJlD+w+iV0Xc4U3gxePxmti4aa4tQWtZRm2wVMLhfmt6ec7n7i7FnZr4rOikyHS0bdGFTnSXAp9T70nESKxtQK7jmCoDbQuCgxyC4b5LQPY2Dd8Dq3aX6Jwodrara3Rjo3SHwPewKMTWxUPKYAWRvx/v60+q3SkqXRkE/g9RV4mv0/OmbJXeKMRALMRkZ5a6rTBoQZp4eocm7xXVJbAvPrbxYWiMZUFWKwtzor6SXaoXH/BlSFQKUrqH9uUkj68viXh8LcVbmrhfdETEWcCPTBC4d57Wqd0m+o7os6ISbNck3i2eEvG4vGiI7yCqNgQoRnhQxn6E1yScp6NNIziGDLLoCHXm+viEb0OgskIwGjtWWpDlkuX9gENulagJ2BreFcW242uS83PRJ0RtgQ50ldwE+NZ0+yIH5IKckJsSdFYQfn/mTdgSSJA7SzzQHA7POZHJ5trnNadpUiRSC3SiO2fXxuc0p/SgJ/aw0OSm5Df6zgrC/m2OW3tVY6lPDBq+CTzRmEyq/VB8tpi+gQ1spXywMXytAzETu8lYS47q0ElB1suKGY3bH9Z4wDN/LBNeExgH8VDAViqZoU917ynEHM4P+/fXBFIpyCi/GN5wjHg8nuh+6cgSyPdF+505MeseDXxB9MQ80WesFNjCJrZzwGfvafSDnKDGPV5WLKwofapWh0OaEMtd0thaR3BXQibUUbpNfUp6OJxfd/TBYw5zS4Dt0Je4j+85EDOxxzLkqA6VFYJArKikIDOSOxzInld/hygHPuadE8W27JpDtg7c+c+J+E3c5Opa5iJTsmrwIacP370PksRODkye3MyI6tBZQTDEdrdZ9FXRCpEH7w68LMHVnrB420SnRBZw0xbZh0Qe8AFfcrrrVjA5IBfkpPQo6LQgslsEfs84KcoFytbi4dtiXhPl5EvH0YEuD/iS03dSPGLpEotSkO2KIBckb8/eSx93dRfFMPvo8lYKvnhv9MTSJSoFKV1abZzgl74c9ojx7wzzHo2/JPIKlhHNDqMLnehOAV/wKQcvlpxM43G7e6ylal3iqJSZ7rj13mY5jOP5XV2jOwd8ytkhli5RWSEoj413WZA1Cf1m74QTGY+rTZ6mTGdpi27vkfgtx29i6gqVgvS9ZW1xPN/v8H4k3nKH35aFbmzksC/H0LgXkyNWxhqlIJuk+nGR9xJo1jdaJ9F633rqPleE6tj3eQmDcudRON/6ng3PNy8m001uyBG5aox4mee2rLul+YDI5l9Xf3eNtV8F803O2tmMLAeuzalrX9XcewM99BmrkzN+7nCfdXQQkwdyQm7MBjkjdylUtiwmmaC1uYLw9GFzwnYWJRn8XuPh3LD/YEZmqyMTyl/TvLAYpo4xeOHcXB9bKeBbToaYcpgVIyWXe3KrFKTJlsU3/xS8pZ+7M9BzNqVMY6kkp6ayraR0MOZtOaGunK2UXpPzYsrlIpc707nQNinIgtC0018GmhTkxYwb+zLjDL/v8Ea5O0N123SR0sEYvBKcyUxK6bWpXky5XORyZzoX2iYF+ZmkXl6QXLLkf+r/VDQXjMXdK/FAcJ0L+lQwx+vy1v2CKNRDnzF4JTidmRTqjKd4Mc1pMjkhNwZyRu6KER9CuUPdFDZ57P2JhGL9dv2MKUy0rztyJm8tBzg+Q6WHObLYyAHfTH/cElMdSh978fkm/cvqNCf4f9cYVILjziS2leczfJb+lzK8eJjV8PV4sOA6t70g6tn2YjKzF9T5o100bW+qkITrVkgT/Ws0OdZv1yccRdNPJ05y2rAuSvhYRgF/Ucj2l8I/NZh7dk/NbzqGbmykgE8bUgyNEQsx9YYmh/qoThx0BJ92eL8QL3foOmK1LHSiOwfPJy+WnL7G47aFWNvlloUz20WmO255AeMMyOEhMZoc1LH++Bpd6MwBX/AplrPr7TnBEccrhzp6zJi1XRdknH7C/VZN4ib6J1y2u1vtjxx4x7AbM26frSnmCvEX7Y8cZmQ8fFc4r+sdohzuFOOcKA7SrnOPv6E+vsw+J2ryw1WTPwN6wfEP34khB2InBxbPYfVnRHXobMs6JEtm3NpLGuOFKIddYtjcVFt3B5peHonZWsIbItYHjznMLQG2Yx3hNb7nQMzEHs6nT47q0ElB1slKbNyuecPNYZkYb4psbtx+KF7Tv+tl1WwVPTFP9BlrAmxiO/bHrvEZ33P4nhg2N27JlYdOCrJeFmLDds0fHnvgkdLmptqr4jctimevjjd2f2yNw3FiSp6yjiTkSOZ9KKzBXvFjm+E1d2vp9lVjymVjw1sZ+ISvdSBmYg9joE+O6tDJCsEIfypzXGROXFZ/p6gEd2jSnMhkcy0H/WpR10Cnd4CbP3Oah68lIHZyYLLkhhzVobOCYGi56BHRk6JVoiYgKe+KLIBcS5Aczt7Lo9hFQAe6vEdb8wPfmt4M5IBckBNyU4JOC1Ji0JuzRczwrrJkpFrentliSu662CYyyHpv4KFNfMK3ITBWBSFgAi9ZKWHCTkjm16JnRLOiB0V3zRP9WRE85jA3lK3r48tQxZCpj7+sxz5VHKZqQ4KtYU4UOzb0NT403aYk0gpjt0IsGg7PvaKhi2D2sF16gJvPXbSDFoQ/l+GQ4wlkTaH3vKd4L4+WwK5abHmf20O3iYFYiMn7U6BQpq4/WEEelienRZY4DsrSwHkr5lPFuUDe9HTVohsb3hu42AvA9/ABhNiIsS0GKchSefmOKE4eAZWuFALlYx5PRydFsa5Rr9GFTnSXAp/DYphtYiTWNhikIJvloTkdtyz5puD3lO2i34mOimKdddfIIIuOUf4lDZ9zNoi1DSoFKV2yTYz+15nM5/CmIBl/nidkuWN5NN0oekC0UmR7On/EdkX0nui4iGJcFLWBF4/HG9lmXH2q1gbcha+JYr3su5a4NvqHlsVnfI/jIcZRVlzof2WFwIwNtS0IOj8tCovCftvFIYjuxQC+h+cisbE622KwguAod88GEfvsUtGkgxiIhZjargzLRaUgy4zTQ8vKe7uBXj5jPyq6IXpFdEHUJ9ZK+WMicnBQdEbk4QMxj3kTuuL1sWU19Y0nmasi8+WS+juaKmkwH93YMHvYxoehUVkhOGBOWcukIbFKxlLP+fzRwIoeHEEnui1ea/EBX4ZEpSC3D2k9Y+trGufRNcYnNfDFeDBxPaux384T/TqgE90x8AFfFh12h1g79ArhBx2zHbd1L167E7KMeUBnbMeu8WVIVFYIxs0Za4cuyHL5wEuc2bf2sMa8FcyhfD0hxxi8HNCJbrNjLT7gy5AYy4KQAH7VOyKy5BxSf0bk4Zti2vy4fdwTFG9GhA2Tw/Yov0ZKrBXGtiAW1Xp11tlFTbtJfEto3MIrAbawuVgY+4I0TcwBCcTFYGxScMsVhO9Me0Rn54n+JH0vu+UKovxPNCoF8Z5iJjrSSXV+WpAxq9y0INOCjFkGxswdvuvz2Bjiii7eCAem/d4ysFWa+Ya2gFRBFpjTzvAZmJ4hw+fctTgtiJue4ZnTggyfc9fi/wHqo3c1jqtQaAAAAABJRU5ErkJggg=='
description: 'Embed a Drupal Block'
behavior_plugins: {  }
